
Microsoft Visual Studio Solution File, Format Version 12.00
# Visual Studio Version 17
VisualStudioVersion = 17.3.32825.248
MinimumVisualStudioVersion = 10.0.40219.1
Project("{9A19103F-16F7-4668-BE54-9A1E7A4F7556}") = "CORWL-API", "CORWL-API\CORWL-API.csproj", "{35411E47-A77B-44E3-8B0A-DF06A79CB96C}"
EndProject
Project("{FAE04EC0-301F-11D3-BF4B-00C04F79EFBC}") = "CORWL_UNIT_TESTS", "CORWL_UNIT_TESTS\CORWL_UNIT_TESTS.csproj", "{384308BB-ACF0-498B-8C21-5BF9FB8A4263}"
EndProject
Global
	GlobalSection(SolutionConfigurationPlatforms) = preSolution
		Debug|Any CPU = Debug|Any CPU
		Release|Any CPU = Release|Any CPU
	EndGlobalSection
	GlobalSection(ProjectConfigurationPlatforms) = postSolution
		{35411E47-A77B-44E3-8B0A-DF06A79CB96C}.Debug|Any CPU.ActiveCfg = Debug|Any CPU
		{35411E47-A77B-44E3-8B0A-DF06A79CB96C}.Debug|Any CPU.Build.0 = Debug|Any CPU
		{35411E47-A77B-44E3-8B0A-DF06A79CB96C}.Release|Any CPU.ActiveCfg = Release|Any CPU
		{35411E47-A77B-44E3-8B0A-DF06A79CB96C}.Release|Any CPU.Build.0 = Release|Any CPU
		{384308BB-ACF0-498B-8C21-5BF9FB8A4263}.Debug|Any CPU.ActiveCfg = Debug|Any CPU
		{384308BB-ACF0-498B-8C21-5BF9FB8A4263}.Debug|Any CPU.Build.0 = Debug|Any CPU
		{384308BB-ACF0-498B-8C21-5BF9FB8A4263}.Release|Any CPU.ActiveCfg = Release|Any CPU
		{384308BB-ACF0-498B-8C21-5BF9FB8A4263}.Release|Any CPU.Build.0 = Release|Any CPU
	EndGlobalSection
	GlobalSection(SolutionProperties) = preSolution
		HideSolutionNode = FALSE
	EndGlobalSection
	GlobalSection(ExtensibilityGlobals) = postSolution
		SolutionGuid = {5885A124-7636-4580-88A9-B792DD1BA204}
	EndGlobalSection
EndGlobal
