
Microsoft Visual Studio Solution File, Format Version 12.00
# Visual Studio Version 17
VisualStudioVersion = 17.0.31912.275
MinimumVisualStudioVersion = 10.0.40219.1
Project("{FAE04EC0-301F-11D3-BF4B-00C04F79EFBC}") = "NMS API-N", "NMS API-N\NMS API-N.csproj", "{AD176E12-DE54-48BB-A8A8-644753719BD2}"
EndProject
Global
	GlobalSection(SolutionConfigurationPlatforms) = preSolution
		Debug|Any CPU = Debug|Any CPU
		Release|Any CPU = Release|Any CPU
	EndGlobalSection
	GlobalSection(ProjectConfigurationPlatforms) = postSolution
		{AD176E12-DE54-48BB-A8A8-644753719BD2}.Debug|Any CPU.ActiveCfg = Debug|Any CPU
		{AD176E12-DE54-48BB-A8A8-644753719BD2}.Debug|Any CPU.Build.0 = Debug|Any CPU
		{AD176E12-DE54-48BB-A8A8-644753719BD2}.Release|Any CPU.ActiveCfg = Release|Any CPU
		{AD176E12-DE54-48BB-A8A8-644753719BD2}.Release|Any CPU.Build.0 = Release|Any CPU
	EndGlobalSection
	GlobalSection(SolutionProperties) = preSolution
		HideSolutionNode = FALSE
	EndGlobalSection
	GlobalSection(ExtensibilityGlobals) = postSolution
		SolutionGuid = {5885A124-7636-4580-88A9-B792DD1BA204}
	EndGlobalSection
EndGlobal
